// !$*UTF8*$!
{
	archiveVersion = 1;
	classes = {
	};
	objectVersion = 55;
	objects = {

/* Begin PBXBuildFile section */
		6D5E84E52822035400CA6EBD /* AppDelegate.swift in Sources */ = {isa = PBXBuildFile; fileRef = 6D5E84E42822035400CA6EBD /* AppDelegate.swift */; };
		6D5E84E72822035400CA6EBD /* SceneDelegate.swift in Sources */ = {isa = PBXBuildFile; fileRef = 6D5E84E62822035400CA6EBD /* SceneDelegate.swift */; };
		6D5E84E92822035400CA6EBD /* ViewController.swift in Sources */ = {isa = PBXBuildFile; fileRef = 6D5E84E82822035400CA6EBD /* ViewController.swift */; };
		6D5E84EC2822035400CA6EBD /* Main.storyboard in Resources */ = {isa = PBXBuildFile; fileRef = 6D5E84EA2822035400CA6EBD /* Main.storyboard */; };
		6D5E84EE2822035800CA6EBD /* Assets.xcassets in Resources */ = {isa = PBXBuildFile; fileRef = 6D5E84ED2822035800CA6EBD /* Assets.xcassets */; };
		6D5E84F12822035800CA6EBD /* LaunchScreen.storyboard in Resources */ = {isa = PBXBuildFile; fileRef = 6D5E84EF2822035800CA6EBD /* LaunchScreen.storyboard */; };
		6D5E84FC2822035900CA6EBD /* DesafioCollectionView3Tests.swift in Sources */ = {isa = PBXBuildFile; fileRef = 6D5E84FB2822035900CA6EBD /* DesafioCollectionView3Tests.swift */; };
		6D5E85062822035900CA6EBD /* DesafioCollectionView3UITests.swift in Sources */ = {isa = PBXBuildFile; fileRef = 6D5E85052822035900CA6EBD /* DesafioCollectionView3UITests.swift */; };
		6D5E85082822035900CA6EBD /* DesafioCollectionView3UITestsLaunchTests.swift in Sources */ = {isa = PBXBuildFile; fileRef = 6D5E85072822035900CA6EBD /* DesafioCollectionView3UITestsLaunchTests.swift */; };
/* End PBXBuildFile section */

/* Begin PBXContainerItemProxy section */
		6D5E84F82822035900CA6EBD /* PBXContainerItemProxy */ = {
			isa = PBXContainerItemProxy;
			containerPortal = 6D5E84D92822035400CA6EBD /* Project object */;
			proxyType = 1;
			remoteGlobalIDString = 6D5E84E02822035400CA6EBD;
			remoteInfo = DesafioCollectionView3;
		};
		6D5E85022822035900CA6EBD /* PBXContainerItemProxy */ = {
			isa = PBXContainerItemProxy;
			containerPortal = 6D5E84D92822035400CA6EBD /* Project object */;
			proxyType = 1;
			remoteGlobalIDString = 6D5E84E02822035400CA6EBD;
			remoteInfo = DesafioCollectionView3;
		};
/* End PBXContainerItemProxy section */

/* Begin PBXFileReference section */
		6D5E84E12822035400CA6EBD /* DesafioCollectionView3.app */ = {isa = PBXFileReference; explicitFileType = wrapper.application; includeInIndex = 0; path = DesafioCollectionView3.app; sourceTree = BUILT_PRODUCTS_DIR; };
		6D5E84E42822035400CA6EBD /* AppDelegate.swift */ = {isa = PBXFileReference; lastKnownFileType = sourcecode.swift; path = AppDelegate.swift; sourceTree = "<group>"; };
		6D5E84E62822035400CA6EBD /* SceneDelegate.swift */ = {isa = PBXFileReference; lastKnownFileType = sourcecode.swift; path = SceneDelegate.swift; sourceTree = "<group>"; };
		6D5E84E82822035400CA6EBD /* ViewController.swift */ = {isa = PBXFileReference; lastKnownFileType = sourcecode.swift; path = ViewController.swift; sourceTree = "<group>"; };
		6D5E84EB2822035400CA6EBD /* Base */ = {isa = PBXFileReference; lastKnownFileType = file.storyboard; name = Base; path = Base.lproj/Main.storyboard; sourceTree = "<group>"; };
		6D5E84ED2822035800CA6EBD /* Assets.xcassets */ = {isa = PBXFileReference; lastKnownFileType = folder.assetcatalog; path = Assets.xcassets; sourceTree = "<group>"; };
		6D5E84F02822035800CA6EBD /* Base */ = {isa = PBXFileReference; lastKnownFileType = file.storyboard; name = Base; path = Base.lproj/LaunchScreen.storyboard; sourceTree = "<group>"; };
		6D5E84F22822035800CA6EBD /* Info.plist */ = {isa = PBXFileReference; lastKnownFileType = text.plist.xml; path = Info.plist; sourceTree = "<group>"; };
		6D5E84F72822035900CA6EBD /* DesafioCollectionView3Tests.xctest */ = {isa = PBXFileReference; explicitFileType = wrapper.cfbundle; includeInIndex = 0; path = DesafioCollectionView3Tests.xctest; sourceTree = BUILT_PRODUCTS_DIR; };
		6D5E84FB2822035900CA6EBD /* DesafioCollectionView3Tests.swift */ = {isa = PBXFileReference; lastKnownFileType = sourcecode.swift; path = DesafioCollectionView3Tests.swift; sourceTree = "<group>"; };
		6D5E85012822035900CA6EBD /* DesafioCollectionView3UITests.xctest */ = {isa = PBXFileReference; explicitFileType = wrapper.cfbundle; includeInIndex = 0; path = DesafioCollectionView3UITests.xctest; sourceTree = BUILT_PRODUCTS_DIR; };
		6D5E85052822035900CA6EBD /* DesafioCollectionView3UITests.swift */ = {isa = PBXFileReference; lastKnownFileType = sourcecode.swift; path = DesafioCollectionView3UITests.swift; sourceTree = "<group>"; };
		6D5E85072822035900CA6EBD /* DesafioCollectionView3UITestsLaunchTests.swift */ = {isa = PBXFileReference; lastKnownFileType = sourcecode.swift; path = DesafioCollectionView3UITestsLaunchTests.swift; sourceTree = "<group>"; };
/* End PBXFileReference section */

/* Begin PBXFrameworksBuildPhase section */
		6D5E84DE2822035400CA6EBD /* Frameworks */ = {
			isa = PBXFrameworksBuildPhase;
			buildActionMask = 2147483647;
			files = (
			);
			runOnlyForDeploymentPostprocessing = 0;
		};
		6D5E84F42822035900CA6EBD /* Frameworks */ = {
			isa = PBXFrameworksBuildPhase;
			buildActionMask = 2147483647;
			files = (
			);
			runOnlyForDeploymentPostprocessing = 0;
		};
		6D5E84FE2822035900CA6EBD /* Frameworks */ = {
			isa = PBXFrameworksBuildPhase;
			buildActionMask = 2147483647;
			files = (
			);
			runOnlyForDeploymentPostprocessing = 0;
		};
/* End PBXFrameworksBuildPhase section */

/* Begin PBXGroup section */
		6D5E84D82822035400CA6EBD = {
			isa = PBXGroup;
			children = (
				6D5E84E32822035400CA6EBD /* DesafioCollectionView3 */,
				6D5E84FA2822035900CA6EBD /* DesafioCollectionView3Tests */,
				6D5E85042822035900CA6EBD /* DesafioCollectionView3UITests */,
				6D5E84E22822035400CA6EBD /* Products */,
			);
			sourceTree = "<group>";
		};
		6D5E84E22822035400CA6EBD /* Products */ = {
			isa = PBXGroup;
			children = (
				6D5E84E12822035400CA6EBD /* DesafioCollectionView3.app */,
				6D5E84F72822035900CA6EBD /* DesafioCollectionView3Tests.xctest */,
				6D5E85012822035900CA6EBD /* DesafioCollectionView3UITests.xctest */,
			);
			name = Products;
			sourceTree = "<group>";
		};
		6D5E84E32822035400CA6EBD /* DesafioCollectionView3 */ = {
			isa = PBXGroup;
			children = (
				6D5E84E42822035400CA6EBD /* AppDelegate.swift */,
				6D5E84E62822035400CA6EBD /* SceneDelegate.swift */,
				6D5E84E82822035400CA6EBD /* ViewController.swift */,
				6D5E84EA2822035400CA6EBD /* Main.storyboard */,
				6D5E84ED2822035800CA6EBD /* Assets.xcassets */,
				6D5E84EF2822035800CA6EBD /* LaunchScreen.storyboard */,
				6D5E84F22822035800CA6EBD /* Info.plist */,
			);
			path = DesafioCollectionView3;
			sourceTree = "<group>";
		};
		6D5E84FA2822035900CA6EBD /* DesafioCollectionView3Tests */ = {
			isa = PBXGroup;
			children = (
				6D5E84FB2822035900CA6EBD /* DesafioCollectionView3Tests.swift */,
			);
			path = DesafioCollectionView3Tests;
			sourceTree = "<group>";
		};
		6D5E85042822035900CA6EBD /* DesafioCollectionView3UITests */ = {
			isa = PBXGroup;
			children = (
				6D5E85052822035900CA6EBD /* DesafioCollectionView3UITests.swift */,
				6D5E85072822035900CA6EBD /* DesafioCollectionView3UITestsLaunchTests.swift */,
			);
			path = DesafioCollectionView3UITests;
			sourceTree = "<group>";
		};
/* End PBXGroup section */

/* Begin PBXNativeTarget section */
		6D5E84E02822035400CA6EBD /* DesafioCollectionView3 */ = {
			isa = PBXNativeTarget;
			buildConfigurationList = 6D5E850B2822035900CA6EBD /* Build configuration list for PBXNativeTarget "DesafioCollectionView3" */;
			buildPhases = (
				6D5E84DD2822035400CA6EBD /* Sources */,
				6D5E84DE2822035400CA6EBD /* Frameworks */,
				6D5E84DF2822035400CA6EBD /* Resources */,
			);
			buildRules = (
			);
			dependencies = (
			);
			name = DesafioCollectionView3;
			productName = DesafioCollectionView3;
			productReference = 6D5E84E12822035400CA6EBD /* DesafioCollectionView3.app */;
			productType = "com.apple.product-type.application";
		};
		6D5E84F62822035900CA6EBD /* DesafioCollectionView3Tests */ = {
			isa = PBXNativeTarget;
			buildConfigurationList = 6D5E850E2822035900CA6EBD /* Build configuration list for PBXNativeTarget "DesafioCollectionView3Tests" */;
			buildPhases = (
				6D5E84F32822035900CA6EBD /* Sources */,
				6D5E84F42822035900CA6EBD /* Frameworks */,
				6D5E84F52822035900CA6EBD /* Resources */,
			);
			buildRules = (
			);
			dependencies = (
				6D5E84F92822035900CA6EBD /* PBXTargetDependency */,
			);
			name = DesafioCollectionView3Tests;
			productName = DesafioCollectionView3Tests;
			productReference = 6D5E84F72822035900CA6EBD /* DesafioCollectionView3Tests.xctest */;
			productType = "com.apple.product-type.bundle.unit-test";
		};
		6D5E85002822035900CA6EBD /* DesafioCollectionView3UITests */ = {
			isa = PBXNativeTarget;
			buildConfigurationList = 6D5E85112822035900CA6EBD /* Build configuration list for PBXNativeTarget "DesafioCollectionView3UITests" */;
			buildPhases = (
				6D5E84FD2822035900CA6EBD /* Sources */,
				6D5E84FE2822035900CA6EBD /* Frameworks */,
				6D5E84FF2822035900CA6EBD /* Resources */,
			);
			buildRules = (
			);
			dependencies = (
				6D5E85032822035900CA6EBD /* PBXTargetDependency */,
			);
			name = DesafioCollectionView3UITests;
			productName = DesafioCollectionView3UITests;
			productReference = 6D5E85012822035900CA6EBD /* DesafioCollectionView3UITests.xctest */;
			productType = "com.apple.product-type.bundle.ui-testing";
		};
/* End PBXNativeTarget section */

/* Begin PBXProject section */
		6D5E84D92822035400CA6EBD /* Project object */ = {
			isa = PBXProject;
			attributes = {
				BuildIndependentTargetsInParallel = 1;
				LastSwiftUpdateCheck = 1330;
				LastUpgradeCheck = 1330;
				TargetAttributes = {
					6D5E84E02822035400CA6EBD = {
						CreatedOnToolsVersion = 13.3.1;
					};
					6D5E84F62822035900CA6EBD = {
						CreatedOnToolsVersion = 13.3.1;
						TestTargetID = 6D5E84E02822035400CA6EBD;
					};
					6D5E85002822035900CA6EBD = {
						CreatedOnToolsVersion = 13.3.1;
						TestTargetID = 6D5E84E02822035400CA6EBD;
					};
				};
			};
			buildConfigurationList = 6D5E84DC2822035400CA6EBD /* Build configuration list for PBXProject "DesafioCollectionView3" */;
			compatibilityVersion = "Xcode 13.0";
			developmentRegion = en;
			hasScannedForEncodings = 0;
			knownRegions = (
				en,
				Base,
			);
			mainGroup = 6D5E84D82822035400CA6EBD;
			productRefGroup = 6D5E84E22822035400CA6EBD /* Products */;
			projectDirPath = "";
			projectRoot = "";
			targets = (
				6D5E84E02822035400CA6EBD /* DesafioCollectionView3 */,
				6D5E84F62822035900CA6EBD /* DesafioCollectionView3Tests */,
				6D5E85002822035900CA6EBD /* DesafioCollectionView3UITests */,
			);
		};
/* End PBXProject section */

/* Begin PBXResourcesBuildPhase section */
		6D5E84DF2822035400CA6EBD /* Resources */ = {
			isa = PBXResourcesBuildPhase;
			buildActionMask = 2147483647;
			files = (
				6D5E84F12822035800CA6EBD /* LaunchScreen.storyboard in Resources */,
				6D5E84EE2822035800CA6EBD /* Assets.xcassets in Resources */,
				6D5E84EC2822035400CA6EBD /* Main.storyboard in Resources */,
			);
			runOnlyForDeploymentPostprocessing = 0;
		};
		6D5E84F52822035900CA6EBD /* Resources */ = {
			isa = PBXResourcesBuildPhase;
			buildActionMask = 2147483647;
			files = (
			);
			runOnlyForDeploymentPostprocessing = 0;
		};
		6D5E84FF2822035900CA6EBD /* Resources */ = {
			isa = PBXResourcesBuildPhase;
			buildActionMask = 2147483647;
			files = (
			);
			runOnlyForDeploymentPostprocessing = 0;
		};
/* End PBXResourcesBuildPhase section */

/* Begin PBXSourcesBuildPhase section */
		6D5E84DD2822035400CA6EBD /* Sources */ = {
			isa = PBXSourcesBuildPhase;
			buildActionMask = 2147483647;
			files = (
				6D5E84E92822035400CA6EBD /* ViewController.swift in Sources */,
				6D5E84E52822035400CA6EBD /* AppDelegate.swift in Sources */,
				6D5E84E72822035400CA6EBD /* SceneDelegate.swift in Sources */,
			);
			runOnlyForDeploymentPostprocessing = 0;
		};
		6D5E84F32822035900CA6EBD /* Sources */ = {
			isa = PBXSourcesBuildPhase;
			buildActionMask = 2147483647;
			files = (
				6D5E84FC2822035900CA6EBD /* DesafioCollectionView3Tests.swift in Sources */,
			);
			runOnlyForDeploymentPostprocessing = 0;
		};
		6D5E84FD2822035900CA6EBD /* Sources */ = {
			isa = PBXSourcesBuildPhase;
			buildActionMask = 2147483647;
			files = (
				6D5E85062822035900CA6EBD /* DesafioCollectionView3UITests.swift in Sources */,
				6D5E85082822035900CA6EBD /* DesafioCollectionView3UITestsLaunchTests.swift in Sources */,
			);
			runOnlyForDeploymentPostprocessing = 0;
		};
/* End PBXSourcesBuildPhase section */

/* Begin PBXTargetDependency section */
		6D5E84F92822035900CA6EBD /* PBXTargetDependency */ = {
			isa = PBXTargetDependency;
			target = 6D5E84E02822035400CA6EBD /* DesafioCollectionView3 */;
			targetProxy = 6D5E84F82822035900CA6EBD /* PBXContainerItemProxy */;
		};
		6D5E85032822035900CA6EBD /* PBXTargetDependency */ = {
			isa = PBXTargetDependency;
			target = 6D5E84E02822035400CA6EBD /* DesafioCollectionView3 */;
			targetProxy = 6D5E85022822035900CA6EBD /* PBXContainerItemProxy */;
		};
/* End PBXTargetDependency section */

/* Begin PBXVariantGroup section */
		6D5E84EA2822035400CA6EBD /* Main.storyboard */ = {
			isa = PBXVariantGroup;
			children = (
				6D5E84EB2822035400CA6EBD /* Base */,
			);
			name = Main.storyboard;
			sourceTree = "<group>";
		};
		6D5E84EF2822035800CA6EBD /* LaunchScreen.storyboard */ = {
			isa = PBXVariantGroup;
			children = (
				6D5E84F02822035800CA6EBD /* Base */,
			);
			name = LaunchScreen.storyboard;
			sourceTree = "<group>";
		};
/* End PBXVariantGroup section */

/* Begin XCBuildConfiguration section */
		6D5E85092822035900CA6EBD /* Debug */ = {
			isa = XCBuildConfiguration;
			buildSettings = {
				ALWAYS_SEARCH_USER_PATHS = NO;
				CLANG_ANALYZER_NONNULL = YES;
				CLANG_ANALYZER_NUMBER_OBJECT_CONVERSION = YES_AGGRESSIVE;
				CLANG_CXX_LANGUAGE_STANDARD = "gnu++17";
				CLANG_ENABLE_MODULES = YES;
				CLANG_ENABLE_OBJC_ARC = YES;
				CLANG_ENABLE_OBJC_WEAK = YES;
				CLANG_WARN_BLOCK_CAPTURE_AUTORELEASING = YES;
				CLANG_WARN_BOOL_CONVERSION = YES;
				CLANG_WARN_COMMA = YES;
				CLANG_WARN_CONSTANT_CONVERSION = YES;
				CLANG_WARN_DEPRECATED_OBJC_IMPLEMENTATIONS = YES;
				CLANG_WARN_DIRECT_OBJC_ISA_USAGE = YES_ERROR;
				CLANG_WARN_DOCUMENTATION_COMMENTS = YES;
				CLANG_WARN_EMPTY_BODY = YES;
				CLANG_WARN_ENUM_CONVERSION = YES;
				CLANG_WARN_INFINITE_RECURSION = YES;
				CLANG_WARN_INT_CONVERSION = YES;
				CLANG_WARN_NON_LITERAL_NULL_CONVERSION = YES;
				CLANG_WARN_OBJC_IMPLICIT_RETAIN_SELF = YES;
				CLANG_WARN_OBJC_LITERAL_CONVERSION = YES;
				CLANG_WARN_OBJC_ROOT_CLASS = YES_ERROR;
				CLANG_WARN_QUOTED_INCLUDE_IN_FRAMEWORK_HEADER = YES;
				CLANG_WARN_RANGE_LOOP_ANALYSIS = YES;
				CLANG_WARN_STRICT_PROTOTYPES = YES;
				CLANG_WARN_SUSPICIOUS_MOVE = YES;
				CLANG_WARN_UNGUARDED_AVAILABILITY = YES_AGGRESSIVE;
				CLANG_WARN_UNREACHABLE_CODE = YES;
				CLANG_WARN__DUPLICATE_METHOD_MATCH = YES;
				COPY_PHASE_STRIP = NO;
				DEBUG_INFORMATION_FORMAT = dwarf;
				ENABLE_STRICT_OBJC_MSGSEND = YES;
				ENABLE_TESTABILITY = YES;
				GCC_C_LANGUAGE_STANDARD = gnu11;
				GCC_DYNAMIC_NO_PIC = NO;
				GCC_NO_COMMON_BLOCKS = YES;
				GCC_OPTIMIZATION_LEVEL = 0;
				GCC_PREPROCESSOR_DEFINITIONS = (
					"DEBUG=1",
					"$(inherited)",
				);
				GCC_WARN_64_TO_32_BIT_CONVERSION = YES;
				GCC_WARN_ABOUT_RETURN_TYPE = YES_ERROR;
				GCC_WARN_UNDECLARED_SELECTOR = YES;
				GCC_WARN_UNINITIALIZED_AUTOS = YES_AGGRESSIVE;
				GCC_WARN_UNUSED_FUNCTION = YES;
				GCC_WARN_UNUSED_VARIABLE = YES;
				IPHONEOS_DEPLOYMENT_TARGET = 15.4;
				MTL_ENABLE_DEBUG_INFO = INCLUDE_SOURCE;
				MTL_FAST_MATH = YES;
				ONLY_ACTIVE_ARCH = YES;
				SDKROOT = iphoneos;
				SWIFT_ACTIVE_COMPILATION_CONDITIONS = DEBUG;
				SWIFT_OPTIMIZATION_LEVEL = "-Onone";
			};
			name = Debug;
		};
		6D5E850A2822035900CA6EBD /* Release */ = {
			isa = XCBuildConfiguration;
			buildSettings = {
				ALWAYS_SEARCH_USER_PATHS = NO;
				CLANG_ANALYZER_NONNULL = YES;
				CLANG_ANALYZER_NUMBER_OBJECT_CONVERSION = YES_AGGRESSIVE;
				CLANG_CXX_LANGUAGE_STANDARD = "gnu++17";
				CLANG_ENABLE_MODULES = YES;
				CLANG_ENABLE_OBJC_ARC = YES;
				CLANG_ENABLE_OBJC_WEAK = YES;
				CLANG_WARN_BLOCK_CAPTURE_AUTORELEASING = YES;
				CLANG_WARN_BOOL_CONVERSION = YES;
				CLANG_WARN_COMMA = YES;
				CLANG_WARN_CONSTANT_CONVERSION = YES;
				CLANG_WARN_DEPRECATED_OBJC_IMPLEMENTATIONS = YES;
				CLANG_WARN_DIRECT_OBJC_ISA_USAGE = YES_ERROR;
				CLANG_WARN_DOCUMENTATION_COMMENTS = YES;
				CLANG_WARN_EMPTY_BODY = YES;
				CLANG_WARN_ENUM_CONVERSION = YES;
				CLANG_WARN_INFINITE_RECURSION = YES;
				CLANG_WARN_INT_CONVERSION = YES;
				CLANG_WARN_NON_LITERAL_NULL_CONVERSION = YES;
				CLANG_WARN_OBJC_IMPLICIT_RETAIN_SELF = YES;
				CLANG_WARN_OBJC_LITERAL_CONVERSION = YES;
				CLANG_WARN_OBJC_ROOT_CLASS = YES_ERROR;
				CLANG_WARN_QUOTED_INCLUDE_IN_FRAMEWORK_HEADER = YES;
				CLANG_WARN_RANGE_LOOP_ANALYSIS = YES;
				CLANG_WARN_STRICT_PROTOTYPES = YES;
				CLANG_WARN_SUSPICIOUS_MOVE = YES;
				CLANG_WARN_UNGUARDED_AVAILABILITY = YES_AGGRESSIVE;
				CLANG_WARN_UNREACHABLE_CODE = YES;
				CLANG_WARN__DUPLICATE_METHOD_MATCH = YES;
				COPY_PHASE_STRIP = NO;
				DEBUG_INFORMATION_FORMAT = "dwarf-with-dsym";
				ENABLE_NS_ASSERTIONS = NO;
				ENABLE_STRICT_OBJC_MSGSEND = YES;
				GCC_C_LANGUAGE_STANDARD = gnu11;
				GCC_NO_COMMON_BLOCKS = YES;
				GCC_WARN_64_TO_32_BIT_CONVERSION = YES;
				GCC_WARN_ABOUT_RETURN_TYPE = YES_ERROR;
				GCC_WARN_UNDECLARED_SELECTOR = YES;
				GCC_WARN_UNINITIALIZED_AUTOS = YES_AGGRESSIVE;
				GCC_WARN_UNUSED_FUNCTION = YES;
				GCC_WARN_UNUSED_VARIABLE = YES;
				IPHONEOS_DEPLOYMENT_TARGET = 15.4;
				MTL_ENABLE_DEBUG_INFO = NO;
				MTL_FAST_MATH = YES;
				SDKROOT = iphoneos;
				SWIFT_COMPILATION_MODE = wholemodule;
				SWIFT_OPTIMIZATION_LEVEL = "-O";
				VALIDATE_PRODUCT = YES;
			};
			name = Release;
		};
		6D5E850C2822035900CA6EBD /* Debug */ = {
			isa = XCBuildConfiguration;
			buildSettings = {
				ASSETCATALOG_COMPILER_APPICON_NAME = AppIcon;
				ASSETCATALOG_COMPILER_GLOBAL_ACCENT_COLOR_NAME = AccentColor;
				CODE_SIGN_STYLE = Automatic;
				CURRENT_PROJECT_VERSION = 1;
				GENERATE_INFOPLIST_FILE = YES;
				INFOPLIST_FILE = DesafioCollectionView3/Info.plist;
				INFOPLIST_KEY_UIApplicationSupportsIndirectInputEvents = YES;
				INFOPLIST_KEY_UILaunchStoryboardName = LaunchScreen;
				INFOPLIST_KEY_UIMainStoryboardFile = Main;
				INFOPLIST_KEY_UISupportedInterfaceOrientations_iPad = "UIInterfaceOrientationPortrait UIInterfaceOrientationPortraitUpsideDown UIInterfaceOrientationLandscapeLeft UIInterfaceOrientationLandscapeRight";
				INFOPLIST_KEY_UISupportedInterfaceOrientations_iPhone = "UIInterfaceOrientationPortrait UIInterfaceOrientationLandscapeLeft UIInterfaceOrientationLandscapeRight";
				LD_RUNPATH_SEARCH_PATHS = (
					"$(inherited)",
					"@executable_path/Frameworks",
				);
				MARKETING_VERSION = 1.0;
				PRODUCT_BUNDLE_IDENTIFIER = teste.DesafioCollectionView3;
				PRODUCT_NAME = "$(TARGET_NAME)";
				SWIFT_EMIT_LOC_STRINGS = YES;
				SWIFT_VERSION = 5.0;
				TARGETED_DEVICE_FAMILY = "1,2";
			};
			name = Debug;
		};
		6D5E850D2822035900CA6EBD /* Release */ = {
			isa = XCBuildConfiguration;
			buildSettings = {
				ASSETCATALOG_COMPILER_APPICON_NAME = AppIcon;
				ASSETCATALOG_COMPILER_GLOBAL_ACCENT_COLOR_NAME = AccentColor;
				CODE_SIGN_STYLE = Automatic;
				CURRENT_PROJECT_VERSION = 1;
				GENERATE_INFOPLIST_FILE = YES;
				INFOPLIST_FILE = DesafioCollectionView3/Info.plist;
				INFOPLIST_KEY_UIApplicationSupportsIndirectInputEvents = YES;
				INFOPLIST_KEY_UILaunchStoryboardName = LaunchScreen;
				INFOPLIST_KEY_UIMainStoryboardFile = Main;
				INFOPLIST_KEY_UISupportedInterfaceOrientations_iPad = "UIInterfaceOrientationPortrait UIInterfaceOrientationPortraitUpsideDown UIInterfaceOrientationLandscapeLeft UIInterfaceOrientationLandscapeRight";
				INFOPLIST_KEY_UISupportedInterfaceOrientations_iPhone = "UIInterfaceOrientationPortrait UIInterfaceOrientationLandscapeLeft UIInterfaceOrientationLandscapeRight";
				LD_RUNPATH_SEARCH_PATHS = (
					"$(inherited)",
					"@executable_path/Frameworks",
				);
				MARKETING_VERSION = 1.0;
				PRODUCT_BUNDLE_IDENTIFIER = teste.DesafioCollectionView3;
				PRODUCT_NAME = "$(TARGET_NAME)";
				SWIFT_EMIT_LOC_STRINGS = YES;
				SWIFT_VERSION = 5.0;
				TARGETED_DEVICE_FAMILY = "1,2";
			};
			name = Release;
		};
		6D5E850F2822035900CA6EBD /* Debug */ = {
			isa = XCBuildConfiguration;
			buildSettings = {
				ALWAYS_EMBED_SWIFT_STANDARD_LIBRARIES = YES;
				BUNDLE_LOADER = "$(TEST_HOST)";
				CODE_SIGN_STYLE = Automatic;
				CURRENT_PROJECT_VERSION = 1;
				GENERATE_INFOPLIST_FILE = YES;
				IPHONEOS_DEPLOYMENT_TARGET = 15.4;
				MARKETING_VERSION = 1.0;
				PRODUCT_BUNDLE_IDENTIFIER = teste.DesafioCollectionView3Tests;
				PRODUCT_NAME = "$(TARGET_NAME)";
				SWIFT_EMIT_LOC_STRINGS = NO;
				SWIFT_VERSION = 5.0;
				TARGETED_DEVICE_FAMILY = "1,2";
				TEST_HOST = "$(BUILT_PRODUCTS_DIR)/DesafioCollectionView3.app/DesafioCollectionView3";
			};
			name = Debug;
		};
		6D5E85102822035900CA6EBD /* Release */ = {
			isa = XCBuildConfiguration;
			buildSettings = {
				ALWAYS_EMBED_SWIFT_STANDARD_LIBRARIES = YES;
				BUNDLE_LOADER = "$(TEST_HOST)";
				CODE_SIGN_STYLE = Automatic;
				CURRENT_PROJECT_VERSION = 1;
				GENERATE_INFOPLIST_FILE = YES;
				IPHONEOS_DEPLOYMENT_TARGET = 15.4;
				MARKETING_VERSION = 1.0;
				PRODUCT_BUNDLE_IDENTIFIER = teste.DesafioCollectionView3Tests;
				PRODUCT_NAME = "$(TARGET_NAME)";
				SWIFT_EMIT_LOC_STRINGS = NO;
				SWIFT_VERSION = 5.0;
				TARGETED_DEVICE_FAMILY = "1,2";
				TEST_HOST = "$(BUILT_PRODUCTS_DIR)/DesafioCollectionView3.app/DesafioCollectionView3";
			};
			name = Release;
		};
		6D5E85122822035900CA6EBD /* Debug */ = {
			isa = XCBuildConfiguration;
			buildSettings = {
				ALWAYS_EMBED_SWIFT_STANDARD_LIBRARIES = YES;
				CODE_SIGN_STYLE = Automatic;
				CURRENT_PROJECT_VERSION = 1;
				GENERATE_INFOPLIST_FILE = YES;
				MARKETING_VERSION = 1.0;
				PRODUCT_BUNDLE_IDENTIFIER = teste.DesafioCollectionView3UITests;
				PRODUCT_NAME = "$(TARGET_NAME)";
				SWIFT_EMIT_LOC_STRINGS = NO;
				SWIFT_VERSION = 5.0;
				TARGETED_DEVICE_FAMILY = "1,2";
				TEST_TARGET_NAME = DesafioCollectionView3;
			};
			name = Debug;
		};
		6D5E85132822035900CA6EBD /* Release */ = {
			isa = XCBuildConfiguration;
			buildSettings = {
				ALWAYS_EMBED_SWIFT_STANDARD_LIBRARIES = YES;
				CODE_SIGN_STYLE = Automatic;
				CURRENT_PROJECT_VERSION = 1;
				GENERATE_INFOPLIST_FILE = YES;
				MARKETING_VERSION = 1.0;
				PRODUCT_BUNDLE_IDENTIFIER = teste.DesafioCollectionView3UITests;
				PRODUCT_NAME = "$(TARGET_NAME)";
				SWIFT_EMIT_LOC_STRINGS = NO;
				SWIFT_VERSION = 5.0;
				TARGETED_DEVICE_FAMILY = "1,2";
				TEST_TARGET_NAME = DesafioCollectionView3;
			};
			name = Release;
		};
/* End XCBuildConfiguration section */

/* Begin XCConfigurationList section */
		6D5E84DC2822035400CA6EBD /* Build configuration list for PBXProject "DesafioCollectionView3" */ = {
			isa = XCConfigurationList;
			buildConfigurations = (
				6D5E85092822035900CA6EBD /* Debug */,
				6D5E850A2822035900CA6EBD /* Release */,
			);
			defaultConfigurationIsVisible = 0;
			defaultConfigurationName = Release;
		};
		6D5E850B2822035900CA6EBD /* Build configuration list for PBXNativeTarget "DesafioCollectionView3" */ = {
			isa = XCConfigurationList;
			buildConfigurations = (
				6D5E850C2822035900CA6EBD /* Debug */,
				6D5E850D2822035900CA6EBD /* Release */,
			);
			defaultConfigurationIsVisible = 0;
			defaultConfigurationName = Release;
		};
		6D5E850E2822035900CA6EBD /* Build configuration list for PBXNativeTarget "DesafioCollectionView3Tests" */ = {
			isa = XCConfigurationList;
			buildConfigurations = (
				6D5E850F2822035900CA6EBD /* Debug */,
				6D5E85102822035900CA6EBD /* Release */,
			);
			defaultConfigurationIsVisible = 0;
			defaultConfigurationName = Release;
		};
		6D5E85112822035900CA6EBD /* Build configuration list for PBXNativeTarget "DesafioCollectionView3UITests" */ = {
			isa = XCConfigurationList;
			buildConfigurations = (
				6D5E85122822035900CA6EBD /* Debug */,
				6D5E85132822035900CA6EBD /* Release */,
			);
			defaultConfigurationIsVisible = 0;
			defaultConfigurationName = Release;
		};
/* End XCConfigurationList section */
	};
	rootObject = 6D5E84D92822035400CA6EBD /* Project object */;
}
